
Microsoft Visual Studio Solution File, Format Version 12.00
# Visual Studio Version 17
VisualStudioVersion = 17.2.32505.173
MinimumVisualStudioVersion = 10.0.40219.1
Project("{FAE04EC0-301F-11D3-BF4B-00C04F79EFBC}") = "ShoopingNo9", "ShoopingNo9\ShoopingNo9.csproj", "{94CA550D-8EBA-48AE-AAA8-A0AF249445AA}"
EndProject
Global
	GlobalSection(SolutionConfigurationPlatforms) = preSolution
		Debug|Any CPU = Debug|Any CPU
		Release|Any CPU = Release|Any CPU
	EndGlobalSection
	GlobalSection(ProjectConfigurationPlatforms) = postSolution
		{94CA550D-8EBA-48AE-AAA8-A0AF249445AA}.Debug|Any CPU.ActiveCfg = Debug|Any CPU
		{94CA550D-8EBA-48AE-AAA8-A0AF249445AA}.Debug|Any CPU.Build.0 = Debug|Any CPU
		{94CA550D-8EBA-48AE-AAA8-A0AF249445AA}.Release|Any CPU.ActiveCfg = Release|Any CPU
		{94CA550D-8EBA-48AE-AAA8-A0AF249445AA}.Release|Any CPU.Build.0 = Release|Any CPU
	EndGlobalSection
	GlobalSection(SolutionProperties) = preSolution
		HideSolutionNode = FALSE
	EndGlobalSection
	GlobalSection(ExtensibilityGlobals) = postSolution
		SolutionGuid = {58913731-F136-47BE-BDC6-73696A51167B}
	EndGlobalSection
EndGlobal
